# This file is automatically @generated by Cargo.
# It is not intended for manual editing.
version = 3

[[package]]
name = "cfg-if"
version = "1.0.0"
dependencies = [
 "compiler_builtins",
 "rustc-std-workspace-core",
]

[[package]]
name = "compiler_builtins"
version = "0.1.121"
source = "registry+https://github.com/rust-lang/crates.io-index"
checksum = "ce956e6dc07082ec481f0935a51e83b343f8ca51be560452c0ebf830d0bdf5a5"

[[package]]
name = "rustc-std-workspace-core"
version = "1.0.0"
source = "registry+https://github.com/rust-lang/crates.io-index"
checksum = "1956f5517128a2b6f23ab2dadf1a976f4f5b27962e7724c2bf3d45e539ec098c"
