# This file is automatically @generated by Cargo.
# It is not intended for manual editing.
version = 3

[[package]]
name = "proc-macro2"
version = "1.0.86"
source = "registry+https://github.com/rust-lang/crates.io-index"
checksum = "5e719e8df665df0d1c8fbfd238015744736151d4445ec0836b8e628aae103b77"
dependencies = [
 "unicode-ident",
]

[[package]]
name = "quote"
version = "1.0.36"
source = "registry+https://github.com/rust-lang/crates.io-index"
checksum = "0fa76aaf39101c457836aec0ce2316dbdc3ab723cdda1c6bd4e6ad4208acaca7"
dependencies = [
 "proc-macro2",
]

[[package]]
name = "structmeta"
version = "0.1.6"
source = "registry+https://github.com/rust-lang/crates.io-index"
checksum = "104842d6278bf64aa9d2f182ba4bde31e8aec7a131d29b7f444bb9b344a09e2a"
dependencies = [
 "proc-macro2",
 "quote",
 "structmeta-derive",
 "syn",
]

[[package]]
name = "structmeta-derive"
version = "0.1.6"
source = "registry+https://github.com/rust-lang/crates.io-index"
checksum = "24420be405b590e2d746d83b01f09af673270cf80e9b003a5fa7b651c58c7d93"
dependencies = [
 "proc-macro2",
 "quote",
 "syn",
]

[[package]]
name = "syn"
version = "1.0.109"
source = "registry+https://github.com/rust-lang/crates.io-index"
checksum = "72b64191b275b66ffe2469e8af2c1cfe3bafa67b529ead792a6d0160888b4237"
dependencies = [
 "proc-macro2",
 "quote",
 "unicode-ident",
]

[[package]]
name = "test-strategy"
version = "0.2.1"
source = "registry+https://github.com/rust-lang/crates.io-index"
checksum = "62d6408d1406657be2f9d1701fbae379331d30d2f6e92050710edb0d34eeb480"
dependencies = [
 "proc-macro2",
 "quote",
 "structmeta",
 "syn",
]

[[package]]
name = "unarray"
version = "0.1.4"
dependencies = [
 "test-strategy",
]

[[package]]
name = "unicode-ident"
version = "1.0.12"
source = "registry+https://github.com/rust-lang/crates.io-index"
checksum = "3354b9ac3fae1ff6755cb6db53683adb661634f67557942dea4facebec0fee4b"
