# This file is automatically @generated by Cargo.
# It is not intended for manual editing.
[[package]]
name = "futures-core"
version = "0.3.32"
source = "registry+https://github.com/rust-lang/crates.io-index"

[[package]]
name = "futures-executor"
version = "0.3.32"
source = "registry+https://github.com/rust-lang/crates.io-index"
dependencies = [
 "futures-core 0.3.32 (registry+https://github.com/rust-lang/crates.io-index)",
 "futures-task 0.3.32 (registry+https://github.com/rust-lang/crates.io-index)",
 "futures-util 0.3.32 (registry+https://github.com/rust-lang/crates.io-index)",
]

[[package]]
name = "futures-io"
version = "0.3.32"
source = "registry+https://github.com/rust-lang/crates.io-index"

[[package]]
name = "futures-macro"
version = "0.3.32"
source = "registry+https://github.com/rust-lang/crates.io-index"
dependencies = [
 "proc-macro2 1.0.101 (registry+https://github.com/rust-lang/crates.io-index)",
 "quote 1.0.40 (registry+https://github.com/rust-lang/crates.io-index)",
 "syn 2.0.106 (registry+https://github.com/rust-lang/crates.io-index)",
]

[[package]]
name = "futures-sink"
version = "0.3.32"
source = "registry+https://github.com/rust-lang/crates.io-index"

[[package]]
name = "futures-task"
version = "0.3.32"
source = "registry+https://github.com/rust-lang/crates.io-index"

[[package]]
name = "futures-test"
version = "0.3.32"
dependencies = [
 "futures-core 0.3.32 (registry+https://github.com/rust-lang/crates.io-index)",
 "futures-executor 0.3.32 (registry+https://github.com/rust-lang/crates.io-index)",
 "futures-io 0.3.32 (registry+https://github.com/rust-lang/crates.io-index)",
 "futures-macro 0.3.32 (registry+https://github.com/rust-lang/crates.io-index)",
 "futures-sink 0.3.32 (registry+https://github.com/rust-lang/crates.io-index)",
 "futures-task 0.3.32 (registry+https://github.com/rust-lang/crates.io-index)",
 "futures-util 0.3.32 (registry+https://github.com/rust-lang/crates.io-index)",
 "pin-project 1.1.10 (registry+https://github.com/rust-lang/crates.io-index)",
]

[[package]]
name = "futures-util"
version = "0.3.32"
source = "registry+https://github.com/rust-lang/crates.io-index"
dependencies = [
 "futures-core 0.3.32 (registry+https://github.com/rust-lang/crates.io-index)",
 "futures-io 0.3.32 (registry+https://github.com/rust-lang/crates.io-index)",
 "futures-task 0.3.32 (registry+https://github.com/rust-lang/crates.io-index)",
 "memchr 2.7.5 (registry+https://github.com/rust-lang/crates.io-index)",
 "pin-project-lite 0.2.16 (registry+https://github.com/rust-lang/crates.io-index)",
 "slab 0.4.11 (registry+https://github.com/rust-lang/crates.io-index)",
]

[[package]]
name = "memchr"
version = "2.7.5"
source = "registry+https://github.com/rust-lang/crates.io-index"

[[package]]
name = "pin-project"
version = "1.1.10"
source = "registry+https://github.com/rust-lang/crates.io-index"
dependencies = [
 "pin-project-internal 1.1.10 (registry+https://github.com/rust-lang/crates.io-index)",
]

[[package]]
name = "pin-project-internal"
version = "1.1.10"
source = "registry+https://github.com/rust-lang/crates.io-index"
dependencies = [
 "proc-macro2 1.0.101 (registry+https://github.com/rust-lang/crates.io-index)",
 "quote 1.0.40 (registry+https://github.com/rust-lang/crates.io-index)",
 "syn 2.0.106 (registry+https://github.com/rust-lang/crates.io-index)",
]

[[package]]
name = "pin-project-lite"
version = "0.2.16"
source = "registry+https://github.com/rust-lang/crates.io-index"

[[package]]
name = "proc-macro2"
version = "1.0.101"
source = "registry+https://github.com/rust-lang/crates.io-index"
dependencies = [
 "unicode-ident 1.0.18 (registry+https://github.com/rust-lang/crates.io-index)",
]

[[package]]
name = "quote"
version = "1.0.40"
source = "registry+https://github.com/rust-lang/crates.io-index"
dependencies = [
 "proc-macro2 1.0.101 (registry+https://github.com/rust-lang/crates.io-index)",
]

[[package]]
name = "slab"
version = "0.4.11"
source = "registry+https://github.com/rust-lang/crates.io-index"

[[package]]
name = "syn"
version = "2.0.106"
source = "registry+https://github.com/rust-lang/crates.io-index"
dependencies = [
 "proc-macro2 1.0.101 (registry+https://github.com/rust-lang/crates.io-index)",
 "quote 1.0.40 (registry+https://github.com/rust-lang/crates.io-index)",
 "unicode-ident 1.0.18 (registry+https://github.com/rust-lang/crates.io-index)",
]

[[package]]
name = "unicode-ident"
version = "1.0.18"
source = "registry+https://github.com/rust-lang/crates.io-index"

[metadata]
"checksum futures-core 0.3.32 (registry+https://github.com/rust-lang/crates.io-index)" = "7e3450815272ef58cec6d564423f6e755e25379b217b0bc688e295ba24df6b1d"
"checksum futures-executor 0.3.32 (registry+https://github.com/rust-lang/crates.io-index)" = "baf29c38818342a3b26b5b923639e7b1f4a61fc5e76102d4b1981c6dc7a7579d"
"checksum futures-io 0.3.32 (registry+https://github.com/rust-lang/crates.io-index)" = "cecba35d7ad927e23624b22ad55235f2239cfa44fd10428eecbeba6d6a717718"
"checksum futures-macro 0.3.32 (registry+https://github.com/rust-lang/crates.io-index)" = "e835b70203e41293343137df5c0664546da5745f82ec9b84d40be8336958447b"
"checksum futures-sink 0.3.32 (registry+https://github.com/rust-lang/crates.io-index)" = "c39754e157331b013978ec91992bde1ac089843443c49cbc7f46150b0fad0893"
"checksum futures-task 0.3.32 (registry+https://github.com/rust-lang/crates.io-index)" = "037711b3d59c33004d3856fbdc83b99d4ff37a24768fa1be9ce3538a1cde4393"
"checksum futures-util 0.3.32 (registry+https://github.com/rust-lang/crates.io-index)" = "389ca41296e6190b48053de0321d02a77f32f8a5d2461dd38762c0593805c6d6"
"checksum memchr 2.7.5 (registry+https://github.com/rust-lang/crates.io-index)" = "32a282da65faaf38286cf3be983213fcf1d2e2a58700e808f83f4ea9a4804bc0"
"checksum pin-project 1.1.10 (registry+https://github.com/rust-lang/crates.io-index)" = "677f1add503faace112b9f1373e43e9e054bfdd22ff1a63c1bc485eaec6a6a8a"
"checksum pin-project-internal 1.1.10 (registry+https://github.com/rust-lang/crates.io-index)" = "6e918e4ff8c4549eb882f14b3a4bc8c8bc93de829416eacf579f1207a8fbf861"
"checksum pin-project-lite 0.2.16 (registry+https://github.com/rust-lang/crates.io-index)" = "3b3cff922bd51709b605d9ead9aa71031d81447142d828eb4a6eba76fe619f9b"
"checksum proc-macro2 1.0.101 (registry+https://github.com/rust-lang/crates.io-index)" = "89ae43fd86e4158d6db51ad8e2b80f313af9cc74f5c0e03ccb87de09998732de"
"checksum quote 1.0.40 (registry+https://github.com/rust-lang/crates.io-index)" = "1885c039570dc00dcb4ff087a89e185fd56bae234ddc7f056a945bf36467248d"
"checksum slab 0.4.11 (registry+https://github.com/rust-lang/crates.io-index)" = "7a2ae44ef20feb57a68b23d846850f861394c2e02dc425a50098ae8c90267589"
"checksum syn 2.0.106 (registry+https://github.com/rust-lang/crates.io-index)" = "ede7c438028d4436d71104916910f5bb611972c5cfd7f89b8300a8186e6fada6"
"checksum unicode-ident 1.0.18 (registry+https://github.com/rust-lang/crates.io-index)" = "5a5f39404a5da50712a4c1eecf25e90dd62b613502b7e925fd4e4d19b5c96512"
