# This file is automatically @generated by Cargo.
# It is not intended for manual editing.
version = 3

[[package]]
name = "android-pseudo-crate"
version = "0.1.0"
dependencies = [
 "base64",
 "spdx",
]

[[package]]
name = "base64"
version = "0.22.0"
source = "registry+https://github.com/rust-lang/crates.io-index"
checksum = "9475866fec1451be56a3c2400fd081ff546538961565ccb5b7142cbd22bc7a51"

[[package]]
name = "smallvec"
version = "1.13.2"
source = "registry+https://github.com/rust-lang/crates.io-index"
checksum = "3c5e1a9a646d36c3599cd173a41282daf47c44583ad367b8e6837255952e5c67"

[[package]]
name = "spdx"
version = "0.10.6"
source = "registry+https://github.com/rust-lang/crates.io-index"
checksum = "47317bbaf63785b53861e1ae2d11b80d6b624211d42cb20efcd210ee6f8a14bc"
dependencies = [
 "smallvec",
]
