# This file is automatically @generated by Cargo.
# It is not intended for manual editing.
version = 3

[[package]]
name = "clap_lex"
version = "0.3.2"
dependencies = [
 "os_str_bytes",
]

[[package]]
name = "os_str_bytes"
version = "6.6.1"
source = "registry+https://github.com/rust-lang/crates.io-index"
checksum = "e2355d85b9a3786f481747ced0e0ff2ba35213a1f9bd406ed906554d7af805a1"
