# This file is automatically @generated by Cargo.
# It is not intended for manual editing.
[[package]]
name = "basic-toml"
version = "0.1.2"
source = "registry+https://github.com/rust-lang/crates.io-index"
dependencies = [
 "serde 1.0.156 (registry+https://github.com/rust-lang/crates.io-index)",
]

[[package]]
name = "diff"
version = "0.1.13"
source = "registry+https://github.com/rust-lang/crates.io-index"

[[package]]
name = "glob"
version = "0.3.1"
source = "registry+https://github.com/rust-lang/crates.io-index"

[[package]]
name = "itoa"
version = "1.0.11"
source = "registry+https://github.com/rust-lang/crates.io-index"

[[package]]
name = "macrotest"
version = "1.0.13"
source = "registry+https://github.com/rust-lang/crates.io-index"
dependencies = [
 "basic-toml 0.1.2 (registry+https://github.com/rust-lang/crates.io-index)",
 "diff 0.1.13 (registry+https://github.com/rust-lang/crates.io-index)",
 "glob 0.3.1 (registry+https://github.com/rust-lang/crates.io-index)",
 "prettyplease 0.2.15 (registry+https://github.com/rust-lang/crates.io-index)",
 "serde 1.0.156 (registry+https://github.com/rust-lang/crates.io-index)",
 "serde_derive 1.0.193 (registry+https://github.com/rust-lang/crates.io-index)",
 "serde_json 1.0.99 (registry+https://github.com/rust-lang/crates.io-index)",
 "syn 2.0.32 (registry+https://github.com/rust-lang/crates.io-index)",
]

[[package]]
name = "once_cell"
version = "1.14.0"
source = "registry+https://github.com/rust-lang/crates.io-index"

[[package]]
name = "pin-project-lite"
version = "0.2.13"
dependencies = [
 "macrotest 1.0.13 (registry+https://github.com/rust-lang/crates.io-index)",
 "once_cell 1.14.0 (registry+https://github.com/rust-lang/crates.io-index)",
 "proc-macro2 1.0.65 (registry+https://github.com/rust-lang/crates.io-index)",
 "quote 1.0.30 (registry+https://github.com/rust-lang/crates.io-index)",
 "rustversion 1.0.17 (registry+https://github.com/rust-lang/crates.io-index)",
 "serde 1.0.156 (registry+https://github.com/rust-lang/crates.io-index)",
 "static_assertions 1.1.0 (registry+https://github.com/rust-lang/crates.io-index)",
 "toml 0.5.9 (registry+https://github.com/rust-lang/crates.io-index)",
 "trybuild 1.0.67 (registry+https://github.com/rust-lang/crates.io-index)",
]

[[package]]
name = "prettyplease"
version = "0.2.15"
source = "registry+https://github.com/rust-lang/crates.io-index"
dependencies = [
 "proc-macro2 1.0.65 (registry+https://github.com/rust-lang/crates.io-index)",
 "syn 2.0.32 (registry+https://github.com/rust-lang/crates.io-index)",
]

[[package]]
name = "proc-macro2"
version = "1.0.65"
source = "registry+https://github.com/rust-lang/crates.io-index"
dependencies = [
 "unicode-ident 1.0.12 (registry+https://github.com/rust-lang/crates.io-index)",
]

[[package]]
name = "quote"
version = "1.0.30"
source = "registry+https://github.com/rust-lang/crates.io-index"
dependencies = [
 "proc-macro2 1.0.65 (registry+https://github.com/rust-lang/crates.io-index)",
]

[[package]]
name = "rustversion"
version = "1.0.17"
source = "registry+https://github.com/rust-lang/crates.io-index"

[[package]]
name = "ryu"
version = "1.0.18"
source = "registry+https://github.com/rust-lang/crates.io-index"

[[package]]
name = "serde"
version = "1.0.156"
source = "registry+https://github.com/rust-lang/crates.io-index"

[[package]]
name = "serde_derive"
version = "1.0.193"
source = "registry+https://github.com/rust-lang/crates.io-index"
dependencies = [
 "proc-macro2 1.0.65 (registry+https://github.com/rust-lang/crates.io-index)",
 "quote 1.0.30 (registry+https://github.com/rust-lang/crates.io-index)",
 "syn 2.0.32 (registry+https://github.com/rust-lang/crates.io-index)",
]

[[package]]
name = "serde_json"
version = "1.0.99"
source = "registry+https://github.com/rust-lang/crates.io-index"
dependencies = [
 "itoa 1.0.11 (registry+https://github.com/rust-lang/crates.io-index)",
 "ryu 1.0.18 (registry+https://github.com/rust-lang/crates.io-index)",
 "serde 1.0.156 (registry+https://github.com/rust-lang/crates.io-index)",
]

[[package]]
name = "static_assertions"
version = "1.1.0"
source = "registry+https://github.com/rust-lang/crates.io-index"

[[package]]
name = "syn"
version = "2.0.32"
source = "registry+https://github.com/rust-lang/crates.io-index"
dependencies = [
 "proc-macro2 1.0.65 (registry+https://github.com/rust-lang/crates.io-index)",
 "quote 1.0.30 (registry+https://github.com/rust-lang/crates.io-index)",
 "unicode-ident 1.0.12 (registry+https://github.com/rust-lang/crates.io-index)",
]

[[package]]
name = "termcolor"
version = "1.4.1"
source = "registry+https://github.com/rust-lang/crates.io-index"
dependencies = [
 "winapi-util 0.1.9 (registry+https://github.com/rust-lang/crates.io-index)",
]

[[package]]
name = "toml"
version = "0.5.9"
source = "registry+https://github.com/rust-lang/crates.io-index"
dependencies = [
 "serde 1.0.156 (registry+https://github.com/rust-lang/crates.io-index)",
]

[[package]]
name = "trybuild"
version = "1.0.67"
source = "registry+https://github.com/rust-lang/crates.io-index"
dependencies = [
 "glob 0.3.1 (registry+https://github.com/rust-lang/crates.io-index)",
 "once_cell 1.14.0 (registry+https://github.com/rust-lang/crates.io-index)",
 "serde 1.0.156 (registry+https://github.com/rust-lang/crates.io-index)",
 "serde_derive 1.0.193 (registry+https://github.com/rust-lang/crates.io-index)",
 "serde_json 1.0.99 (registry+https://github.com/rust-lang/crates.io-index)",
 "termcolor 1.4.1 (registry+https://github.com/rust-lang/crates.io-index)",
 "toml 0.5.9 (registry+https://github.com/rust-lang/crates.io-index)",
]

[[package]]
name = "unicode-ident"
version = "1.0.12"
source = "registry+https://github.com/rust-lang/crates.io-index"

[[package]]
name = "winapi-util"
version = "0.1.9"
source = "registry+https://github.com/rust-lang/crates.io-index"
dependencies = [
 "windows-sys 0.59.0 (registry+https://github.com/rust-lang/crates.io-index)",
]

[[package]]
name = "windows-sys"
version = "0.59.0"
source = "registry+https://github.com/rust-lang/crates.io-index"
dependencies = [
 "windows-targets 0.52.6 (registry+https://github.com/rust-lang/crates.io-index)",
]

[[package]]
name = "windows-targets"
version = "0.52.6"
source = "registry+https://github.com/rust-lang/crates.io-index"
dependencies = [
 "windows_aarch64_gnullvm 0.52.6 (registry+https://github.com/rust-lang/crates.io-index)",
 "windows_aarch64_msvc 0.52.6 (registry+https://github.com/rust-lang/crates.io-index)",
 "windows_i686_gnu 0.52.6 (registry+https://github.com/rust-lang/crates.io-index)",
 "windows_i686_gnullvm 0.52.6 (registry+https://github.com/rust-lang/crates.io-index)",
 "windows_i686_msvc 0.52.6 (registry+https://github.com/rust-lang/crates.io-index)",
 "windows_x86_64_gnu 0.52.6 (registry+https://github.com/rust-lang/crates.io-index)",
 "windows_x86_64_gnullvm 0.52.6 (registry+https://github.com/rust-lang/crates.io-index)",
 "windows_x86_64_msvc 0.52.6 (registry+https://github.com/rust-lang/crates.io-index)",
]

[[package]]
name = "windows_aarch64_gnullvm"
version = "0.52.6"
source = "registry+https://github.com/rust-lang/crates.io-index"

[[package]]
name = "windows_aarch64_msvc"
version = "0.52.6"
source = "registry+https://github.com/rust-lang/crates.io-index"

[[package]]
name = "windows_i686_gnu"
version = "0.52.6"
source = "registry+https://github.com/rust-lang/crates.io-index"

[[package]]
name = "windows_i686_gnullvm"
version = "0.52.6"
source = "registry+https://github.com/rust-lang/crates.io-index"

[[package]]
name = "windows_i686_msvc"
version = "0.52.6"
source = "registry+https://github.com/rust-lang/crates.io-index"

[[package]]
name = "windows_x86_64_gnu"
version = "0.52.6"
source = "registry+https://github.com/rust-lang/crates.io-index"

[[package]]
name = "windows_x86_64_gnullvm"
version = "0.52.6"
source = "registry+https://github.com/rust-lang/crates.io-index"

[[package]]
name = "windows_x86_64_msvc"
version = "0.52.6"
source = "registry+https://github.com/rust-lang/crates.io-index"

[metadata]
"checksum basic-toml 0.1.2 (registry+https://github.com/rust-lang/crates.io-index)" = "5c0de75129aa8d0cceaf750b89013f0e08804d6ec61416da787b35ad0d7cddf1"
"checksum diff 0.1.13 (registry+https://github.com/rust-lang/crates.io-index)" = "56254986775e3233ffa9c4d7d3faaf6d36a2c09d30b20687e9f88bc8bafc16c8"
"checksum glob 0.3.1 (registry+https://github.com/rust-lang/crates.io-index)" = "d2fabcfbdc87f4758337ca535fb41a6d701b65693ce38287d856d1674551ec9b"
"checksum itoa 1.0.11 (registry+https://github.com/rust-lang/crates.io-index)" = "49f1f14873335454500d59611f1cf4a4b0f786f9ac11f4312a78e4cf2566695b"
"checksum macrotest 1.0.13 (registry+https://github.com/rust-lang/crates.io-index)" = "4e2035deb453578ff1cd2da2761ac78abbffffd1d06a0f59261c082ea713fdad"
"checksum once_cell 1.14.0 (registry+https://github.com/rust-lang/crates.io-index)" = "2f7254b99e31cad77da24b08ebf628882739a608578bb1bcdfc1f9c21260d7c0"
"checksum prettyplease 0.2.15 (registry+https://github.com/rust-lang/crates.io-index)" = "ae005bd773ab59b4725093fd7df83fd7892f7d8eafb48dbd7de6e024e4215f9d"
"checksum proc-macro2 1.0.65 (registry+https://github.com/rust-lang/crates.io-index)" = "92de25114670a878b1261c79c9f8f729fb97e95bac93f6312f583c60dd6a1dfe"
"checksum quote 1.0.30 (registry+https://github.com/rust-lang/crates.io-index)" = "5907a1b7c277254a8b15170f6e7c97cfa60ee7872a3217663bb81151e48184bb"
"checksum rustversion 1.0.17 (registry+https://github.com/rust-lang/crates.io-index)" = "955d28af4278de8121b7ebeb796b6a45735dc01436d898801014aced2773a3d6"
"checksum ryu 1.0.18 (registry+https://github.com/rust-lang/crates.io-index)" = "f3cb5ba0dc43242ce17de99c180e96db90b235b8a9fdc9543c96d2209116bd9f"
"checksum serde 1.0.156 (registry+https://github.com/rust-lang/crates.io-index)" = "314b5b092c0ade17c00142951e50ced110ec27cea304b1037c6969246c2469a4"
"checksum serde_derive 1.0.193 (registry+https://github.com/rust-lang/crates.io-index)" = "43576ca501357b9b071ac53cdc7da8ef0cbd9493d8df094cd821777ea6e894d3"
"checksum serde_json 1.0.99 (registry+https://github.com/rust-lang/crates.io-index)" = "46266871c240a00b8f503b877622fe33430b3c7d963bdc0f2adc511e54a1eae3"
"checksum static_assertions 1.1.0 (registry+https://github.com/rust-lang/crates.io-index)" = "a2eb9349b6444b326872e140eb1cf5e7c522154d69e7a0ffb0fb81c06b37543f"
"checksum syn 2.0.32 (registry+https://github.com/rust-lang/crates.io-index)" = "239814284fd6f1a4ffe4ca893952cdd93c224b6a1571c9a9eadd670295c0c9e2"
"checksum termcolor 1.4.1 (registry+https://github.com/rust-lang/crates.io-index)" = "06794f8f6c5c898b3275aebefa6b8a1cb24cd2c6c79397ab15774837a0bc5755"
"checksum toml 0.5.9 (registry+https://github.com/rust-lang/crates.io-index)" = "8d82e1a7758622a465f8cee077614c73484dac5b836c02ff6a40d5d1010324d7"
"checksum trybuild 1.0.67 (registry+https://github.com/rust-lang/crates.io-index)" = "225e61c62e5d347c29e8fdd2c92e4efd5993b00256b5e5640a7d9e072b0df9c4"
"checksum unicode-ident 1.0.12 (registry+https://github.com/rust-lang/crates.io-index)" = "3354b9ac3fae1ff6755cb6db53683adb661634f67557942dea4facebec0fee4b"
"checksum winapi-util 0.1.9 (registry+https://github.com/rust-lang/crates.io-index)" = "cf221c93e13a30d793f7645a0e7762c55d169dbb0a49671918a2319d289b10bb"
"checksum windows-sys 0.59.0 (registry+https://github.com/rust-lang/crates.io-index)" = "1e38bc4d79ed67fd075bcc251a1c39b32a1776bbe92e5bef1f0bf1f8c531853b"
"checksum windows-targets 0.52.6 (registry+https://github.com/rust-lang/crates.io-index)" = "9b724f72796e036ab90c1021d4780d4d3d648aca59e491e6b98e725b84e99973"
"checksum windows_aarch64_gnullvm 0.52.6 (registry+https://github.com/rust-lang/crates.io-index)" = "32a4622180e7a0ec044bb555404c800bc9fd9ec262ec147edd5989ccd0c02cd3"
"checksum windows_aarch64_msvc 0.52.6 (registry+https://github.com/rust-lang/crates.io-index)" = "09ec2a7bb152e2252b53fa7803150007879548bc709c039df7627cabbd05d469"
"checksum windows_i686_gnu 0.52.6 (registry+https://github.com/rust-lang/crates.io-index)" = "8e9b5ad5ab802e97eb8e295ac6720e509ee4c243f69d781394014ebfe8bbfa0b"
"checksum windows_i686_gnullvm 0.52.6 (registry+https://github.com/rust-lang/crates.io-index)" = "0eee52d38c090b3caa76c563b86c3a4bd71ef1a819287c19d586d7334ae8ed66"
"checksum windows_i686_msvc 0.52.6 (registry+https://github.com/rust-lang/crates.io-index)" = "240948bc05c5e7c6dabba28bf89d89ffce3e303022809e73deaefe4f6ec56c66"
"checksum windows_x86_64_gnu 0.52.6 (registry+https://github.com/rust-lang/crates.io-index)" = "147a5c80aabfbf0c7d901cb5895d1de30ef2907eb21fbbab29ca94c5b08b1a78"
"checksum windows_x86_64_gnullvm 0.52.6 (registry+https://github.com/rust-lang/crates.io-index)" = "24d5b23dc417412679681396f2b49f3de8c1473deb516bd34410872eff51ed0d"
"checksum windows_x86_64_msvc 0.52.6 (registry+https://github.com/rust-lang/crates.io-index)" = "589f6da84c646204747d1270a2a5661ea66ed1cced2631d546fdfb155959f9ec"
