# This file is automatically @generated by Cargo.
# It is not intended for manual editing.
[[package]]
name = "futures-core"
version = "0.3.30"
dependencies = [
 "portable-atomic 1.7.0 (registry+https://github.com/rust-lang/crates.io-index)",
]

[[package]]
name = "portable-atomic"
version = "1.7.0"
source = "registry+https://github.com/rust-lang/crates.io-index"

[metadata]
"checksum portable-atomic 1.7.0 (registry+https://github.com/rust-lang/crates.io-index)" = "da544ee218f0d287a911e9c99a39a8c9bc8fcad3cb8db5959940044ecfc67265"
